
Microsoft Visual Studio Solution File, Format Version 12.00
# Visual Studio Version 17
VisualStudioVersion = 17.8.34322.80
MinimumVisualStudioVersion = 10.0.40219.1
Project("{FAE04EC0-301F-11D3-BF4B-00C04F79EFBC}") = "itarch23", "itarch23\itarch23.csproj", "{2FB50B42-A5B7-4047-9003-56474A0F1A53}"
EndProject
Global
	GlobalSection(SolutionConfigurationPlatforms) = preSolution
		Debug|Any CPU = Debug|Any CPU
		Release|Any CPU = Release|Any CPU
	EndGlobalSection
	GlobalSection(ProjectConfigurationPlatforms) = postSolution
		{2FB50B42-A5B7-4047-9003-56474A0F1A53}.Debug|Any CPU.ActiveCfg = Debug|Any CPU
		{2FB50B42-A5B7-4047-9003-56474A0F1A53}.Debug|Any CPU.Build.0 = Debug|Any CPU
		{2FB50B42-A5B7-4047-9003-56474A0F1A53}.Release|Any CPU.ActiveCfg = Release|Any CPU
		{2FB50B42-A5B7-4047-9003-56474A0F1A53}.Release|Any CPU.Build.0 = Release|Any CPU
	EndGlobalSection
	GlobalSection(SolutionProperties) = preSolution
		HideSolutionNode = FALSE
	EndGlobalSection
	GlobalSection(ExtensibilityGlobals) = postSolution
		SolutionGuid = {729B903B-78F8-4004-8DEC-C2824AC701EF}
	EndGlobalSection
EndGlobal
